
Microsoft Visual Studio Solution File, Format Version 12.00
# Visual Studio Version 17
VisualStudioVersion = 17.10.35013.160
MinimumVisualStudioVersion = 10.0.40219.1
Project("{FAE04EC0-301F-11D3-BF4B-00C04F79EFBC}") = "магазин продуктов", "магазин продуктов\магазин продуктов.csproj", "{55E45389-3448-4FB7-846B-929CFD631A24}"
EndProject
Global
	GlobalSection(SolutionConfigurationPlatforms) = preSolution
		Debug|Any CPU = Debug|Any CPU
		Release|Any CPU = Release|Any CPU
	EndGlobalSection
	GlobalSection(ProjectConfigurationPlatforms) = postSolution
		{55E45389-3448-4FB7-846B-929CFD631A24}.Debug|Any CPU.ActiveCfg = Debug|Any CPU
		{55E45389-3448-4FB7-846B-929CFD631A24}.Debug|Any CPU.Build.0 = Debug|Any CPU
		{55E45389-3448-4FB7-846B-929CFD631A24}.Release|Any CPU.ActiveCfg = Release|Any CPU
		{55E45389-3448-4FB7-846B-929CFD631A24}.Release|Any CPU.Build.0 = Release|Any CPU
	EndGlobalSection
	GlobalSection(SolutionProperties) = preSolution
		HideSolutionNode = FALSE
	EndGlobalSection
	GlobalSection(ExtensibilityGlobals) = postSolution
		SolutionGuid = {8FF0BED8-C81F-4804-AE8E-24213F98A0B6}
	EndGlobalSection
EndGlobal
